// !$*UTF8*$!
{
	archiveVersion = 1;
	classes = {
	};
	objectVersion = 55;
	objects = {

/* Begin PBXBuildFile section */
		14064806293F152900A189D9 /* FilteringCategory.xcassets in Resources */ = {isa = PBXBuildFile; fileRef = 14064805293F152900A189D9 /* FilteringCategory.xcassets */; };
		14064808293F480700A189D9 /* LocalSearchResultTableViewController.swift in Sources */ = {isa = PBXBuildFile; fileRef = 14064807293F480700A189D9 /* LocalSearchResultTableViewController.swift */; };
		14073AFE28DEA64F00F8C754 /* RoutingMapPresenter.swift in Sources */ = {isa = PBXBuildFile; fileRef = 14073AFD28DEA64F00F8C754 /* RoutingMapPresenter.swift */; };
		14073B0228DECFCB00F8C754 /* RoutingMapViewController.swift in Sources */ = {isa = PBXBuildFile; fileRef = 14073B0128DECFCB00F8C754 /* RoutingMapViewController.swift */; };
		14077DE028BE678F00E02C8C /* FloatingActionButton.swift in Sources */ = {isa = PBXBuildFile; fileRef = 14077DDF28BE678F00E02C8C /* FloatingActionButton.swift */; };
		142ED35828E8862C00C1E092 /* LocalSearchModel.swift in Sources */ = {isa = PBXBuildFile; fileRef = 142ED35728E8862C00C1E092 /* LocalSearchModel.swift */; };
		1450C1F6291785D100EFC44E /* Constants.swift in Sources */ = {isa = PBXBuildFile; fileRef = 1450C1F5291785D100EFC44E /* Constants.swift */; };
		14560EBD28730192003EA61F /* AppDelegate.swift in Sources */ = {isa = PBXBuildFile; fileRef = 14560EBC28730192003EA61F /* AppDelegate.swift */; };
		14560EC128730192003EA61F /* TabBarController.swift in Sources */ = {isa = PBXBuildFile; fileRef = 14560EC028730192003EA61F /* TabBarController.swift */; };
		14560EC628730195003EA61F /* Assets.xcassets in Resources */ = {isa = PBXBuildFile; fileRef = 14560EC528730195003EA61F /* Assets.xcassets */; };
		14560EC928730195003EA61F /* LaunchScreen.storyboard in Resources */ = {isa = PBXBuildFile; fileRef = 14560EC728730195003EA61F /* LaunchScreen.storyboard */; };
		1461AA7B290931E500AB7D12 /* OrderedCollections in Frameworks */ = {isa = PBXBuildFile; productRef = 1461AA7A290931E500AB7D12 /* OrderedCollections */; };
		148138D2293317D70064FDD4 /* LookAroundImageView.swift in Sources */ = {isa = PBXBuildFile; fileRef = 148138D1293317D70064FDD4 /* LookAroundImageView.swift */; };
		14A29DDE287FB2BD00F0FC53 /* BookmarkCardViewCell.swift in Sources */ = {isa = PBXBuildFile; fileRef = 14A29DDD287FB2BD00F0FC53 /* BookmarkCardViewCell.swift */; };
		14AF652C28E484BA0084497F /* FilteringCategories.swift in Sources */ = {isa = PBXBuildFile; fileRef = 14AF652B28E484BA0084497F /* FilteringCategories.swift */; };
		14B4F77C287DAF39007FC4A0 /* BookmarkModel.swift in Sources */ = {isa = PBXBuildFile; fileRef = 14B4F77B287DAF39007FC4A0 /* BookmarkModel.swift */; };
		14B4F77E287DAF52007FC4A0 /* BookmarkViewController.swift in Sources */ = {isa = PBXBuildFile; fileRef = 14B4F77D287DAF52007FC4A0 /* BookmarkViewController.swift */; };
		14B9AECE293B302E00839651 /* CardTableViewCell.swift in Sources */ = {isa = PBXBuildFile; fileRef = 14B9AECD293B302E00839651 /* CardTableViewCell.swift */; };
		14C2C27B28E702D500DAFC27 /* LocalSearchPresenter.swift in Sources */ = {isa = PBXBuildFile; fileRef = 14C2C27A28E702D500DAFC27 /* LocalSearchPresenter.swift */; };
		14C2C27D28E71DD300DAFC27 /* RoutingResponse.swift in Sources */ = {isa = PBXBuildFile; fileRef = 14C2C27C28E71DD300DAFC27 /* RoutingResponse.swift */; };
		14CD8AE828744E2000D9F5CD /* MapKit.framework in Frameworks */ = {isa = PBXBuildFile; fileRef = 14CD8AE728744E2000D9F5CD /* MapKit.framework */; };
		14D2F97528CF4E5100643455 /* UserInfoKeys.swift in Sources */ = {isa = PBXBuildFile; fileRef = 14D2F97428CF4E5100643455 /* UserInfoKeys.swift */; };
		14DAEE9728DDDE0A0099DBC1 /* RoutingMapModel.swift in Sources */ = {isa = PBXBuildFile; fileRef = 14DAEE9628DDDE0A0099DBC1 /* RoutingMapModel.swift */; };
		14DAEE9928DDDEFB0099DBC1 /* Alert.swift in Sources */ = {isa = PBXBuildFile; fileRef = 14DAEE9828DDDEFB0099DBC1 /* Alert.swift */; };
		14E1B06228E3327900640703 /* Localizable.strings in Resources */ = {isa = PBXBuildFile; fileRef = 14E1B06428E3327900640703 /* Localizable.strings */; };
		14EF70DA293B34E000AF8129 /* LocalSearchViewController.swift in Sources */ = {isa = PBXBuildFile; fileRef = 14EF70D9293B34E000AF8129 /* LocalSearchViewController.swift */; };
		474FA4DF291F6D19000E9773 /* CLPlacemark.swift in Sources */ = {isa = PBXBuildFile; fileRef = 474FA4DE291F6D19000E9773 /* CLPlacemark.swift */; };
		47B55AEE28A6586900A0D67E /* AnnotationTableViewController.swift in Sources */ = {isa = PBXBuildFile; fileRef = 47B55AED28A6586900A0D67E /* AnnotationTableViewController.swift */; };
/* End PBXBuildFile section */

/* Begin PBXFileReference section */
		14064805293F152900A189D9 /* FilteringCategory.xcassets */ = {isa = PBXFileReference; lastKnownFileType = folder.assetcatalog; path = FilteringCategory.xcassets; sourceTree = "<group>"; };
		14064807293F480700A189D9 /* LocalSearchResultTableViewController.swift */ = {isa = PBXFileReference; lastKnownFileType = sourcecode.swift; path = LocalSearchResultTableViewController.swift; sourceTree = "<group>"; };
		14073AFD28DEA64F00F8C754 /* RoutingMapPresenter.swift */ = {isa = PBXFileReference; lastKnownFileType = sourcecode.swift; path = RoutingMapPresenter.swift; sourceTree = "<group>"; };
		14073B0128DECFCB00F8C754 /* RoutingMapViewController.swift */ = {isa = PBXFileReference; lastKnownFileType = sourcecode.swift; path = RoutingMapViewController.swift; sourceTree = "<group>"; };
		14077DDF28BE678F00E02C8C /* FloatingActionButton.swift */ = {isa = PBXFileReference; lastKnownFileType = sourcecode.swift; path = FloatingActionButton.swift; sourceTree = "<group>"; };
		142ED35728E8862C00C1E092 /* LocalSearchModel.swift */ = {isa = PBXFileReference; lastKnownFileType = sourcecode.swift; path = LocalSearchModel.swift; sourceTree = "<group>"; };
		1450C1F5291785D100EFC44E /* Constants.swift */ = {isa = PBXFileReference; lastKnownFileType = sourcecode.swift; path = Constants.swift; sourceTree = "<group>"; };
		14560EB928730192003EA61F /* MeetSpot.app */ = {isa = PBXFileReference; explicitFileType = wrapper.application; includeInIndex = 0; path = MeetSpot.app; sourceTree = BUILT_PRODUCTS_DIR; };
		14560EBC28730192003EA61F /* AppDelegate.swift */ = {isa = PBXFileReference; lastKnownFileType = sourcecode.swift; path = AppDelegate.swift; sourceTree = "<group>"; };
		14560EC028730192003EA61F /* TabBarController.swift */ = {isa = PBXFileReference; lastKnownFileType = sourcecode.swift; path = TabBarController.swift; sourceTree = "<group>"; };
		14560EC528730195003EA61F /* Assets.xcassets */ = {isa = PBXFileReference; lastKnownFileType = folder.assetcatalog; path = Assets.xcassets; sourceTree = "<group>"; };
		14560EC828730195003EA61F /* Base */ = {isa = PBXFileReference; lastKnownFileType = file.storyboard; name = Base; path = Base.lproj/LaunchScreen.storyboard; sourceTree = "<group>"; };
		14560ECA28730195003EA61F /* Info.plist */ = {isa = PBXFileReference; lastKnownFileType = text.plist.xml; path = Info.plist; sourceTree = "<group>"; };
		1470E96E28C6108500DBD1A2 /* Test.playground */ = {isa = PBXFileReference; lastKnownFileType = file.playground; path = Test.playground; sourceTree = "<group>"; xcLanguageSpecificationIdentifier = xcode.lang.swift; };
		148138D1293317D70064FDD4 /* LookAroundImageView.swift */ = {isa = PBXFileReference; lastKnownFileType = sourcecode.swift; path = LookAroundImageView.swift; sourceTree = "<group>"; };
		14A29DDD287FB2BD00F0FC53 /* BookmarkCardViewCell.swift */ = {isa = PBXFileReference; lastKnownFileType = sourcecode.swift; path = BookmarkCardViewCell.swift; sourceTree = "<group>"; };
		14AF652B28E484BA0084497F /* FilteringCategories.swift */ = {isa = PBXFileReference; lastKnownFileType = sourcecode.swift; path = FilteringCategories.swift; sourceTree = "<group>"; };
		14B4F77B287DAF39007FC4A0 /* BookmarkModel.swift */ = {isa = PBXFileReference; lastKnownFileType = sourcecode.swift; path = BookmarkModel.swift; sourceTree = "<group>"; };
		14B4F77D287DAF52007FC4A0 /* BookmarkViewController.swift */ = {isa = PBXFileReference; lastKnownFileType = sourcecode.swift; path = BookmarkViewController.swift; sourceTree = "<group>"; };
		14B9AECD293B302E00839651 /* CardTableViewCell.swift */ = {isa = PBXFileReference; lastKnownFileType = sourcecode.swift; path = CardTableViewCell.swift; sourceTree = "<group>"; };
		14C2C27A28E702D500DAFC27 /* LocalSearchPresenter.swift */ = {isa = PBXFileReference; lastKnownFileType = sourcecode.swift; path = LocalSearchPresenter.swift; sourceTree = "<group>"; };
		14C2C27C28E71DD300DAFC27 /* RoutingResponse.swift */ = {isa = PBXFileReference; lastKnownFileType = sourcecode.swift; path = RoutingResponse.swift; sourceTree = "<group>"; };
		14CD8ADB2873EFBF00D9F5CD /* README.md */ = {isa = PBXFileReference; lastKnownFileType = net.daringfireball.markdown; path = README.md; sourceTree = "<group>"; };
		14CD8AE728744E2000D9F5CD /* MapKit.framework */ = {isa = PBXFileReference; lastKnownFileType = wrapper.framework; name = MapKit.framework; path = System/Library/Frameworks/MapKit.framework; sourceTree = SDKROOT; };
		14D2F97428CF4E5100643455 /* UserInfoKeys.swift */ = {isa = PBXFileReference; lastKnownFileType = sourcecode.swift; path = UserInfoKeys.swift; sourceTree = "<group>"; };
		14DAEE9628DDDE0A0099DBC1 /* RoutingMapModel.swift */ = {isa = PBXFileReference; lastKnownFileType = sourcecode.swift; path = RoutingMapModel.swift; sourceTree = "<group>"; };
		14DAEE9828DDDEFB0099DBC1 /* Alert.swift */ = {isa = PBXFileReference; lastKnownFileType = sourcecode.swift; path = Alert.swift; sourceTree = "<group>"; };
		14E1B06528E332D500640703 /* ja */ = {isa = PBXFileReference; lastKnownFileType = text.plist.strings; name = ja; path = ja.lproj/Localizable.strings; sourceTree = "<group>"; };
		14E1B06628E33B6000640703 /* en */ = {isa = PBXFileReference; lastKnownFileType = text.plist.strings; name = en; path = en.lproj/Localizable.strings; sourceTree = "<group>"; };
		14EF70D9293B34E000AF8129 /* LocalSearchViewController.swift */ = {isa = PBXFileReference; lastKnownFileType = sourcecode.swift; path = LocalSearchViewController.swift; sourceTree = "<group>"; };
		474FA4DE291F6D19000E9773 /* CLPlacemark.swift */ = {isa = PBXFileReference; lastKnownFileType = sourcecode.swift; path = CLPlacemark.swift; sourceTree = "<group>"; };
		47B55AED28A6586900A0D67E /* AnnotationTableViewController.swift */ = {isa = PBXFileReference; lastKnownFileType = sourcecode.swift; path = AnnotationTableViewController.swift; sourceTree = "<group>"; };
/* End PBXFileReference section */

/* Begin PBXFrameworksBuildPhase section */
		14560EB628730192003EA61F /* Frameworks */ = {
			isa = PBXFrameworksBuildPhase;
			buildActionMask = 2147483647;
			files = (
				1461AA7B290931E500AB7D12 /* OrderedCollections in Frameworks */,
				14CD8AE828744E2000D9F5CD /* MapKit.framework in Frameworks */,
			);
			runOnlyForDeploymentPostprocessing = 0;
		};
/* End PBXFrameworksBuildPhase section */

/* Begin PBXGroup section */
		142A050A29349ACF00A17680 /* LocalSearch */ = {
			isa = PBXGroup;
			children = (
				142ED35728E8862C00C1E092 /* LocalSearchModel.swift */,
				14C2C27A28E702D500DAFC27 /* LocalSearchPresenter.swift */,
				14EF70D9293B34E000AF8129 /* LocalSearchViewController.swift */,
				14064807293F480700A189D9 /* LocalSearchResultTableViewController.swift */,
			);
			path = LocalSearch;
			sourceTree = "<group>";
		};
		14560EB028730192003EA61F = {
			isa = PBXGroup;
			children = (
				14E1B06428E3327900640703 /* Localizable.strings */,
				14560EBB28730192003EA61F /* MeetSpot */,
				14560EBA28730192003EA61F /* Products */,
				14CD8AE628744E2000D9F5CD /* Frameworks */,
			);
			sourceTree = "<group>";
		};
		14560EBA28730192003EA61F /* Products */ = {
			isa = PBXGroup;
			children = (
				14560EB928730192003EA61F /* MeetSpot.app */,
			);
			name = Products;
			sourceTree = "<group>";
		};
		14560EBB28730192003EA61F /* MeetSpot */ = {
			isa = PBXGroup;
			children = (
				14560EBC28730192003EA61F /* AppDelegate.swift */,
				14560EC028730192003EA61F /* TabBarController.swift */,
				1450C1F5291785D100EFC44E /* Constants.swift */,
				14D2F97428CF4E5100643455 /* UserInfoKeys.swift */,
				14DAEE9828DDDEFB0099DBC1 /* Alert.swift */,
				474FA4DE291F6D19000E9773 /* CLPlacemark.swift */,
				14C2C27C28E71DD300DAFC27 /* RoutingResponse.swift */,
				148138D1293317D70064FDD4 /* LookAroundImageView.swift */,
				14E577D328DB305D00F51BA6 /* Map */,
				142A050A29349ACF00A17680 /* LocalSearch */,
				14AF652B28E484BA0084497F /* FilteringCategories.swift */,
				14077DDF28BE678F00E02C8C /* FloatingActionButton.swift */,
				47B55AED28A6586900A0D67E /* AnnotationTableViewController.swift */,
				14B4F77B287DAF39007FC4A0 /* BookmarkModel.swift */,
				14A29DDD287FB2BD00F0FC53 /* BookmarkCardViewCell.swift */,
				14B9AECD293B302E00839651 /* CardTableViewCell.swift */,
				14B4F77D287DAF52007FC4A0 /* BookmarkViewController.swift */,
				14560EC528730195003EA61F /* Assets.xcassets */,
				14064805293F152900A189D9 /* FilteringCategory.xcassets */,
				14560EC728730195003EA61F /* LaunchScreen.storyboard */,
				14560ECA28730195003EA61F /* Info.plist */,
				14CD8ADB2873EFBF00D9F5CD /* README.md */,
				1470E96E28C6108500DBD1A2 /* Test.playground */,
			);
			path = MeetSpot;
			sourceTree = "<group>";
		};
		14CD8AE628744E2000D9F5CD /* Frameworks */ = {
			isa = PBXGroup;
			children = (
				14CD8AE728744E2000D9F5CD /* MapKit.framework */,
			);
			name = Frameworks;
			sourceTree = "<group>";
		};
		14E577D328DB305D00F51BA6 /* Map */ = {
			isa = PBXGroup;
			children = (
				14DAEE9628DDDE0A0099DBC1 /* RoutingMapModel.swift */,
				14073AFD28DEA64F00F8C754 /* RoutingMapPresenter.swift */,
				14073B0128DECFCB00F8C754 /* RoutingMapViewController.swift */,
			);
			path = Map;
			sourceTree = "<group>";
		};
/* End PBXGroup section */

/* Begin PBXNativeTarget section */
		14560EB828730192003EA61F /* MeetSpot */ = {
			isa = PBXNativeTarget;
			buildConfigurationList = 14560ECD28730195003EA61F /* Build configuration list for PBXNativeTarget "MeetSpot" */;
			buildPhases = (
				14560EB528730192003EA61F /* Sources */,
				14560EB628730192003EA61F /* Frameworks */,
				14560EB728730192003EA61F /* Resources */,
			);
			buildRules = (
			);
			dependencies = (
			);
			name = MeetSpot;
			packageProductDependencies = (
				1461AA7A290931E500AB7D12 /* OrderedCollections */,
			);
			productName = MeetSpot;
			productReference = 14560EB928730192003EA61F /* MeetSpot.app */;
			productType = "com.apple.product-type.application";
		};
/* End PBXNativeTarget section */

/* Begin PBXProject section */
		14560EB128730192003EA61F /* Project object */ = {
			isa = PBXProject;
			attributes = {
				BuildIndependentTargetsInParallel = 1;
				LastSwiftUpdateCheck = 1340;
				LastUpgradeCheck = 1340;
				TargetAttributes = {
					14560EB828730192003EA61F = {
						CreatedOnToolsVersion = 13.4.1;
					};
				};
			};
			buildConfigurationList = 14560EB428730192003EA61F /* Build configuration list for PBXProject "MeetSpot" */;
			compatibilityVersion = "Xcode 13.0";
			developmentRegion = en;
			hasScannedForEncodings = 0;
			knownRegions = (
				en,
				Base,
				ja,
			);
			mainGroup = 14560EB028730192003EA61F;
			packageReferences = (
				1461AA79290931E500AB7D12 /* XCRemoteSwiftPackageReference "swift-collections" */,
			);
			productRefGroup = 14560EBA28730192003EA61F /* Products */;
			projectDirPath = "";
			projectRoot = "";
			targets = (
				14560EB828730192003EA61F /* MeetSpot */,
			);
		};
/* End PBXProject section */

/* Begin PBXResourcesBuildPhase section */
		14560EB728730192003EA61F /* Resources */ = {
			isa = PBXResourcesBuildPhase;
			buildActionMask = 2147483647;
			files = (
				14064806293F152900A189D9 /* FilteringCategory.xcassets in Resources */,
				14560EC928730195003EA61F /* LaunchScreen.storyboard in Resources */,
				14E1B06228E3327900640703 /* Localizable.strings in Resources */,
				14560EC628730195003EA61F /* Assets.xcassets in Resources */,
			);
			runOnlyForDeploymentPostprocessing = 0;
		};
/* End PBXResourcesBuildPhase section */

/* Begin PBXSourcesBuildPhase section */
		14560EB528730192003EA61F /* Sources */ = {
			isa = PBXSourcesBuildPhase;
			buildActionMask = 2147483647;
			files = (
				14AF652C28E484BA0084497F /* FilteringCategories.swift in Sources */,
				14560EC128730192003EA61F /* TabBarController.swift in Sources */,
				142ED35828E8862C00C1E092 /* LocalSearchModel.swift in Sources */,
				14C2C27D28E71DD300DAFC27 /* RoutingResponse.swift in Sources */,
				14073AFE28DEA64F00F8C754 /* RoutingMapPresenter.swift in Sources */,
				14A29DDE287FB2BD00F0FC53 /* BookmarkCardViewCell.swift in Sources */,
				14D2F97528CF4E5100643455 /* UserInfoKeys.swift in Sources */,
				47B55AEE28A6586900A0D67E /* AnnotationTableViewController.swift in Sources */,
				14DAEE9928DDDEFB0099DBC1 /* Alert.swift in Sources */,
				14B4F77E287DAF52007FC4A0 /* BookmarkViewController.swift in Sources */,
				14DAEE9728DDDE0A0099DBC1 /* RoutingMapModel.swift in Sources */,
				148138D2293317D70064FDD4 /* LookAroundImageView.swift in Sources */,
				14EF70DA293B34E000AF8129 /* LocalSearchViewController.swift in Sources */,
				14C2C27B28E702D500DAFC27 /* LocalSearchPresenter.swift in Sources */,
				14560EBD28730192003EA61F /* AppDelegate.swift in Sources */,
				14073B0228DECFCB00F8C754 /* RoutingMapViewController.swift in Sources */,
				14B9AECE293B302E00839651 /* CardTableViewCell.swift in Sources */,
				474FA4DF291F6D19000E9773 /* CLPlacemark.swift in Sources */,
				14064808293F480700A189D9 /* LocalSearchResultTableViewController.swift in Sources */,
				14077DE028BE678F00E02C8C /* FloatingActionButton.swift in Sources */,
				14B4F77C287DAF39007FC4A0 /* BookmarkModel.swift in Sources */,
				1450C1F6291785D100EFC44E /* Constants.swift in Sources */,
			);
			runOnlyForDeploymentPostprocessing = 0;
		};
/* End PBXSourcesBuildPhase section */

/* Begin PBXVariantGroup section */
		14560EC728730195003EA61F /* LaunchScreen.storyboard */ = {
			isa = PBXVariantGroup;
			children = (
				14560EC828730195003EA61F /* Base */,
			);
			name = LaunchScreen.storyboard;
			sourceTree = "<group>";
		};
		14E1B06428E3327900640703 /* Localizable.strings */ = {
			isa = PBXVariantGroup;
			children = (
				14E1B06528E332D500640703 /* ja */,
				14E1B06628E33B6000640703 /* en */,
			);
			name = Localizable.strings;
			sourceTree = "<group>";
		};
/* End PBXVariantGroup section */

/* Begin XCBuildConfiguration section */
		14560ECB28730195003EA61F /* Debug */ = {
			isa = XCBuildConfiguration;
			buildSettings = {
				ALWAYS_SEARCH_USER_PATHS = NO;
				CLANG_ANALYZER_LOCALIZABILITY_NONLOCALIZED = YES;
				CLANG_ANALYZER_NONNULL = YES;
				CLANG_ANALYZER_NUMBER_OBJECT_CONVERSION = YES_AGGRESSIVE;
				CLANG_CXX_LANGUAGE_STANDARD = "gnu++17";
				CLANG_ENABLE_MODULES = YES;
				CLANG_ENABLE_OBJC_ARC = YES;
				CLANG_ENABLE_OBJC_WEAK = YES;
				CLANG_WARN_BLOCK_CAPTURE_AUTORELEASING = YES;
				CLANG_WARN_BOOL_CONVERSION = YES;
				CLANG_WARN_COMMA = YES;
				CLANG_WARN_CONSTANT_CONVERSION = YES;
				CLANG_WARN_DEPRECATED_OBJC_IMPLEMENTATIONS = YES;
				CLANG_WARN_DIRECT_OBJC_ISA_USAGE = YES_ERROR;
				CLANG_WARN_DOCUMENTATION_COMMENTS = YES;
				CLANG_WARN_EMPTY_BODY = YES;
				CLANG_WARN_ENUM_CONVERSION = YES;
				CLANG_WARN_INFINITE_RECURSION = YES;
				CLANG_WARN_INT_CONVERSION = YES;
				CLANG_WARN_NON_LITERAL_NULL_CONVERSION = YES;
				CLANG_WARN_OBJC_IMPLICIT_RETAIN_SELF = YES;
				CLANG_WARN_OBJC_LITERAL_CONVERSION = YES;
				CLANG_WARN_OBJC_ROOT_CLASS = YES_ERROR;
				CLANG_WARN_QUOTED_INCLUDE_IN_FRAMEWORK_HEADER = YES;
				CLANG_WARN_RANGE_LOOP_ANALYSIS = YES;
				CLANG_WARN_STRICT_PROTOTYPES = YES;
				CLANG_WARN_SUSPICIOUS_MOVE = YES;
				CLANG_WARN_UNGUARDED_AVAILABILITY = YES_AGGRESSIVE;
				CLANG_WARN_UNREACHABLE_CODE = YES;
				CLANG_WARN__DUPLICATE_METHOD_MATCH = YES;
				COPY_PHASE_STRIP = NO;
				DEBUG_INFORMATION_FORMAT = dwarf;
				ENABLE_STRICT_OBJC_MSGSEND = YES;
				ENABLE_TESTABILITY = YES;
				GCC_C_LANGUAGE_STANDARD = gnu11;
				GCC_DYNAMIC_NO_PIC = NO;
				GCC_NO_COMMON_BLOCKS = YES;
				GCC_OPTIMIZATION_LEVEL = 0;
				GCC_PREPROCESSOR_DEFINITIONS = (
					"DEBUG=1",
					"$(inherited)",
				);
				GCC_WARN_64_TO_32_BIT_CONVERSION = YES;
				GCC_WARN_ABOUT_RETURN_TYPE = YES_ERROR;
				GCC_WARN_UNDECLARED_SELECTOR = YES;
				GCC_WARN_UNINITIALIZED_AUTOS = YES_AGGRESSIVE;
				GCC_WARN_UNUSED_FUNCTION = YES;
				GCC_WARN_UNUSED_VARIABLE = YES;
				IPHONEOS_DEPLOYMENT_TARGET = 15.5;
				MTL_ENABLE_DEBUG_INFO = INCLUDE_SOURCE;
				MTL_FAST_MATH = YES;
				ONLY_ACTIVE_ARCH = YES;
				SDKROOT = iphoneos;
				SWIFT_ACTIVE_COMPILATION_CONDITIONS = DEBUG;
				SWIFT_OPTIMIZATION_LEVEL = "-Onone";
				SWIFT_STRICT_CONCURRENCY = complete;
				SWIFT_VERSION = 5.0;
			};
			name = Debug;
		};
		14560ECC28730195003EA61F /* Release */ = {
			isa = XCBuildConfiguration;
			buildSettings = {
				ALWAYS_SEARCH_USER_PATHS = NO;
				CLANG_ANALYZER_LOCALIZABILITY_NONLOCALIZED = YES;
				CLANG_ANALYZER_NONNULL = YES;
				CLANG_ANALYZER_NUMBER_OBJECT_CONVERSION = YES_AGGRESSIVE;
				CLANG_CXX_LANGUAGE_STANDARD = "gnu++17";
				CLANG_ENABLE_MODULES = YES;
				CLANG_ENABLE_OBJC_ARC = YES;
				CLANG_ENABLE_OBJC_WEAK = YES;
				CLANG_WARN_BLOCK_CAPTURE_AUTORELEASING = YES;
				CLANG_WARN_BOOL_CONVERSION = YES;
				CLANG_WARN_COMMA = YES;
				CLANG_WARN_CONSTANT_CONVERSION = YES;
				CLANG_WARN_DEPRECATED_OBJC_IMPLEMENTATIONS = YES;
				CLANG_WARN_DIRECT_OBJC_ISA_USAGE = YES_ERROR;
				CLANG_WARN_DOCUMENTATION_COMMENTS = YES;
				CLANG_WARN_EMPTY_BODY = YES;
				CLANG_WARN_ENUM_CONVERSION = YES;
				CLANG_WARN_INFINITE_RECURSION = YES;
				CLANG_WARN_INT_CONVERSION = YES;
				CLANG_WARN_NON_LITERAL_NULL_CONVERSION = YES;
				CLANG_WARN_OBJC_IMPLICIT_RETAIN_SELF = YES;
				CLANG_WARN_OBJC_LITERAL_CONVERSION = YES;
				CLANG_WARN_OBJC_ROOT_CLASS = YES_ERROR;
				CLANG_WARN_QUOTED_INCLUDE_IN_FRAMEWORK_HEADER = YES;
				CLANG_WARN_RANGE_LOOP_ANALYSIS = YES;
				CLANG_WARN_STRICT_PROTOTYPES = YES;
				CLANG_WARN_SUSPICIOUS_MOVE = YES;
				CLANG_WARN_UNGUARDED_AVAILABILITY = YES_AGGRESSIVE;
				CLANG_WARN_UNREACHABLE_CODE = YES;
				CLANG_WARN__DUPLICATE_METHOD_MATCH = YES;
				COPY_PHASE_STRIP = NO;
				DEBUG_INFORMATION_FORMAT = "dwarf-with-dsym";
				ENABLE_NS_ASSERTIONS = NO;
				ENABLE_STRICT_OBJC_MSGSEND = YES;
				GCC_C_LANGUAGE_STANDARD = gnu11;
				GCC_NO_COMMON_BLOCKS = YES;
				GCC_WARN_64_TO_32_BIT_CONVERSION = YES;
				GCC_WARN_ABOUT_RETURN_TYPE = YES_ERROR;
				GCC_WARN_UNDECLARED_SELECTOR = YES;
				GCC_WARN_UNINITIALIZED_AUTOS = YES_AGGRESSIVE;
				GCC_WARN_UNUSED_FUNCTION = YES;
				GCC_WARN_UNUSED_VARIABLE = YES;
				IPHONEOS_DEPLOYMENT_TARGET = 15.5;
				MTL_ENABLE_DEBUG_INFO = NO;
				MTL_FAST_MATH = YES;
				SDKROOT = iphoneos;
				SWIFT_COMPILATION_MODE = wholemodule;
				SWIFT_OPTIMIZATION_LEVEL = "-O";
				SWIFT_STRICT_CONCURRENCY = complete;
				SWIFT_VERSION = 5.0;
				VALIDATE_PRODUCT = YES;
			};
			name = Release;
		};
		14560ECE28730195003EA61F /* Debug */ = {
			isa = XCBuildConfiguration;
			buildSettings = {
				ASSETCATALOG_COMPILER_APPICON_NAME = AppIcon;
				ASSETCATALOG_COMPILER_GLOBAL_ACCENT_COLOR_NAME = AccentColor;
				CODE_SIGN_STYLE = Automatic;
				CURRENT_PROJECT_VERSION = 1;
				DEVELOPMENT_TEAM = 9B9T932RXM;
				GENERATE_INFOPLIST_FILE = YES;
				INFOPLIST_FILE = MeetSpot/Info.plist;
				INFOPLIST_KEY_LSApplicationCategoryType = "public.app-category.navigation";
				INFOPLIST_KEY_LSSupportsOpeningDocumentsInPlace = NO;
				INFOPLIST_KEY_NSLocationAlwaysAndWhenInUseUsageDescription = "This application shows your current location.";
				INFOPLIST_KEY_NSLocationWhenInUseUsageDescription = "This app uses your location to personalize your app experience.";
				INFOPLIST_KEY_UIApplicationSupportsIndirectInputEvents = YES;
				INFOPLIST_KEY_UILaunchStoryboardName = LaunchScreen;
				INFOPLIST_KEY_UISupportedInterfaceOrientations = "UIInterfaceOrientationLandscapeLeft UIInterfaceOrientationLandscapeRight UIInterfaceOrientationPortrait UIInterfaceOrientationPortraitUpsideDown";
				INFOPLIST_KEY_UISupportsDocumentBrowser = NO;
				IPHONEOS_DEPLOYMENT_TARGET = 16.1;
				LD_RUNPATH_SEARCH_PATHS = (
					"$(inherited)",
					"@executable_path/Frameworks",
				);
				MARKETING_VERSION = 1.0;
				OTHER_SWIFT_FLAGS = "-Xfrontend -warn-concurrency -Xfrontend -enable-actor-data-race-checks";
				PRODUCT_BUNDLE_IDENTIFIER = b150005.MeetSpot;
				PRODUCT_NAME = "$(TARGET_NAME)";
				SWIFT_EMIT_LOC_STRINGS = YES;
				SWIFT_STRICT_CONCURRENCY = complete;
				SWIFT_VERSION = 5.0;
				TARGETED_DEVICE_FAMILY = "1,2";
			};
			name = Debug;
		};
		14560ECF28730195003EA61F /* Release */ = {
			isa = XCBuildConfiguration;
			buildSettings = {
				ASSETCATALOG_COMPILER_APPICON_NAME = AppIcon;
				ASSETCATALOG_COMPILER_GLOBAL_ACCENT_COLOR_NAME = AccentColor;
				CODE_SIGN_STYLE = Automatic;
				CURRENT_PROJECT_VERSION = 1;
				DEVELOPMENT_TEAM = 9B9T932RXM;
				GENERATE_INFOPLIST_FILE = YES;
				INFOPLIST_FILE = MeetSpot/Info.plist;
				INFOPLIST_KEY_LSApplicationCategoryType = "public.app-category.navigation";
				INFOPLIST_KEY_LSSupportsOpeningDocumentsInPlace = NO;
				INFOPLIST_KEY_NSLocationAlwaysAndWhenInUseUsageDescription = "This application shows your current location.";
				INFOPLIST_KEY_NSLocationWhenInUseUsageDescription = "This app uses your location to personalize your app experience.";
				INFOPLIST_KEY_UIApplicationSupportsIndirectInputEvents = YES;
				INFOPLIST_KEY_UILaunchStoryboardName = LaunchScreen;
				INFOPLIST_KEY_UISupportedInterfaceOrientations = "UIInterfaceOrientationLandscapeLeft UIInterfaceOrientationLandscapeRight UIInterfaceOrientationPortrait UIInterfaceOrientationPortraitUpsideDown";
				INFOPLIST_KEY_UISupportsDocumentBrowser = NO;
				IPHONEOS_DEPLOYMENT_TARGET = 16.1;
				LD_RUNPATH_SEARCH_PATHS = (
					"$(inherited)",
					"@executable_path/Frameworks",
				);
				MARKETING_VERSION = 1.0;
				OTHER_SWIFT_FLAGS = "-Xfrontend -warn-concurrency -Xfrontend -enable-actor-data-race-checks";
				PRODUCT_BUNDLE_IDENTIFIER = b150005.MeetSpot;
				PRODUCT_NAME = "$(TARGET_NAME)";
				SWIFT_EMIT_LOC_STRINGS = YES;
				SWIFT_STRICT_CONCURRENCY = complete;
				SWIFT_VERSION = 5.0;
				TARGETED_DEVICE_FAMILY = "1,2";
			};
			name = Release;
		};
/* End XCBuildConfiguration section */

/* Begin XCConfigurationList section */
		14560EB428730192003EA61F /* Build configuration list for PBXProject "MeetSpot" */ = {
			isa = XCConfigurationList;
			buildConfigurations = (
				14560ECB28730195003EA61F /* Debug */,
				14560ECC28730195003EA61F /* Release */,
			);
			defaultConfigurationIsVisible = 0;
			defaultConfigurationName = Release;
		};
		14560ECD28730195003EA61F /* Build configuration list for PBXNativeTarget "MeetSpot" */ = {
			isa = XCConfigurationList;
			buildConfigurations = (
				14560ECE28730195003EA61F /* Debug */,
				14560ECF28730195003EA61F /* Release */,
			);
			defaultConfigurationIsVisible = 0;
			defaultConfigurationName = Release;
		};
/* End XCConfigurationList section */

/* Begin XCRemoteSwiftPackageReference section */
		1461AA79290931E500AB7D12 /* XCRemoteSwiftPackageReference "swift-collections" */ = {
			isa = XCRemoteSwiftPackageReference;
			repositoryURL = "https://github.com/apple/swift-collections.git";
			requirement = {
				kind = upToNextMajorVersion;
				minimumVersion = 1.0.3;
			};
		};
/* End XCRemoteSwiftPackageReference section */

/* Begin XCSwiftPackageProductDependency section */
		1461AA7A290931E500AB7D12 /* OrderedCollections */ = {
			isa = XCSwiftPackageProductDependency;
			package = 1461AA79290931E500AB7D12 /* XCRemoteSwiftPackageReference "swift-collections" */;
			productName = OrderedCollections;
		};
/* End XCSwiftPackageProductDependency section */
	};
	rootObject = 14560EB128730192003EA61F /* Project object */;
}
